{
  "projects": [
    {
      "projectId": "58GpZjZCWTaJ8AUhpCwt2K",
      "version": "3.25.0",
      "dependencies": {},
      "lang": "ts",
      "fileLocks": [
        {
          "assetId": "58GpZjZCWTaJ8AUhpCwt2K",
          "type": "projectCss",
          "checksum": "fd84921cc10936e6ceb458c2ae01c4bd"
        }
      ],
      "codegenVersion": "0.0.1"
    },
    {
      "projectId": "7nJ7UcFmq9UzB6eXfC5z4a",
      "version": "0.28.0",
      "dependencies": {},
      "lang": "ts",
      "fileLocks": [
        {
          "assetId": "7nJ7UcFmq9UzB6eXfC5z4a",
          "type": "projectCss",
          "checksum": "05587b57f22f0ec8bb54543deb39762e"
        }
      ],
      "codegenVersion": "0.0.1"
    },
    {
      "projectId": "hka27aU4ihR52YoEnmogfP",
      "version": "latest",
      "dependencies": {
        "7nJ7UcFmq9UzB6eXfC5z4a": "0.28.0",
        "58GpZjZCWTaJ8AUhpCwt2K": "3.25.0"
      },
      "lang": "ts",
      "fileLocks": [
        {
          "type": "globalVariant",
          "assetId": "CZGnRgVvzkmx",
          "checksum": "d773a838faf53f210fef89c62f5aba32"
        },
        {
          "type": "renderModule",
          "assetId": "ntVhsefBz-xW",
          "checksum": "85a11b70d23f8f3d235ce74f07322b56"
        },
        {
          "type": "cssRules",
          "assetId": "ntVhsefBz-xW",
          "checksum": "85a11b70d23f8f3d235ce74f07322b56"
        },
        {
          "type": "renderModule",
          "assetId": "4YgWGDck03Lt",
          "checksum": "8c8d6028d9746b889fe669a307800619"
        },
        {
          "type": "cssRules",
          "assetId": "4YgWGDck03Lt",
          "checksum": "8c8d6028d9746b889fe669a307800619"
        },
        {
          "type": "renderModule",
          "assetId": "vTR75HZZAGGw",
          "checksum": "f21c622546062e1be549edbfb0d7be41"
        },
        {
          "type": "cssRules",
          "assetId": "vTR75HZZAGGw",
          "checksum": "f21c622546062e1be549edbfb0d7be41"
        },
        {
          "type": "renderModule",
          "assetId": "twyr7f_c_GQx",
          "checksum": "6442afbdd31b1b32ed392488eca93443"
        },
        {
          "type": "cssRules",
          "assetId": "twyr7f_c_GQx",
          "checksum": "6442afbdd31b1b32ed392488eca93443"
        },
        {
          "type": "renderModule",
          "assetId": "3sqrHWn0pm8n",
          "checksum": "ea3a02a540eeb07afc6562881910c780"
        },
        {
          "type": "cssRules",
          "assetId": "3sqrHWn0pm8n",
          "checksum": "ea3a02a540eeb07afc6562881910c780"
        },
        {
          "type": "renderModule",
          "assetId": "ppOTn9QDuJMh",
          "checksum": "2f1ece2ea9306c0d0ed87b2feb9c712c"
        },
        {
          "type": "cssRules",
          "assetId": "ppOTn9QDuJMh",
          "checksum": "2f1ece2ea9306c0d0ed87b2feb9c712c"
        },
        {
          "type": "renderModule",
          "assetId": "9o8k8vtcaScQ",
          "checksum": "b5fd1b6484791cca73ec96d043aff282"
        },
        {
          "type": "cssRules",
          "assetId": "9o8k8vtcaScQ",
          "checksum": "b5fd1b6484791cca73ec96d043aff282"
        },
        {
          "type": "renderModule",
          "assetId": "5xKwZy3Xtjhg",
          "checksum": "77c0a4347808b23ae991b582427d8368"
        },
        {
          "type": "cssRules",
          "assetId": "5xKwZy3Xtjhg",
          "checksum": "77c0a4347808b23ae991b582427d8368"
        },
        {
          "type": "renderModule",
          "assetId": "LDOKew9P46Rd",
          "checksum": "2b2353d57b32a5ab5e423820cb1dc8a4"
        },
        {
          "type": "cssRules",
          "assetId": "LDOKew9P46Rd",
          "checksum": "2b2353d57b32a5ab5e423820cb1dc8a4"
        },
        {
          "type": "renderModule",
          "assetId": "V-2G-locadxw",
          "checksum": "1b793afe1ade4d442970761bf8af17f5"
        },
        {
          "type": "cssRules",
          "assetId": "V-2G-locadxw",
          "checksum": "1b793afe1ade4d442970761bf8af17f5"
        },
        {
          "type": "icon",
          "assetId": "Djq8YiSH4vbJ",
          "checksum": "0de7b1a59cc1ad318a66d18bb65afbb8"
        },
        {
          "type": "icon",
          "assetId": "h6cCUEb60lCZ",
          "checksum": "5003d81e063055f00a157ba0af94f4f4"
        },
        {
          "type": "icon",
          "assetId": "pV8sEAwlALd3",
          "checksum": "4fe30d988bfa6a9730b82eb54733fd09"
        },
        {
          "type": "icon",
          "assetId": "7d7DJOIjncsq",
          "checksum": "c715ef1a07fc91c08d432aaa8ef26e7d"
        },
        {
          "type": "icon",
          "assetId": "m-jZ_WQ8WT3m",
          "checksum": "7ef8375198425368412c5008e5f7397b"
        },
        {
          "type": "icon",
          "assetId": "KvzvgGL55sgp",
          "checksum": "d09d0291c5c65bacbde31720e259112b"
        },
        {
          "type": "icon",
          "assetId": "kRtaZaJLXiar",
          "checksum": "408f037be8b5438cf4f6125774a441d2"
        },
        {
          "type": "icon",
          "assetId": "UIkfJfnBlFZN",
          "checksum": "ccda2116bfe6af7c5a88725fd90cb24a"
        },
        {
          "type": "icon",
          "assetId": "lFWh5AXwuKzR",
          "checksum": "9f5fed6c7bc5825fb4a3c700b5285bf4"
        },
        {
          "type": "icon",
          "assetId": "z3ZHpP-RQHvp",
          "checksum": "55cc33721416e98fe983d713e00740fb"
        },
        {
          "type": "image",
          "assetId": "Sbv2HObUjQGn",
          "checksum": "51246f3c5b71371ef80d91a5aa20bdac"
        },
        {
          "type": "image",
          "assetId": "ZNevlFysn81m",
          "checksum": "a93a72703a7491f9f515cfa0a21b96ff"
        },
        {
          "type": "image",
          "assetId": "iM6hsIqoICEB",
          "checksum": "a78c69c897b2e6a99a459b3243e62688"
        },
        {
          "type": "image",
          "assetId": "jg0sDF9ocX2b",
          "checksum": "a32867855604112a0b13b8975070454d"
        },
        {
          "type": "image",
          "assetId": "I8xo4V9ySAPa",
          "checksum": "fe92c6a62f26e503964aa873631bf63f"
        },
        {
          "type": "image",
          "assetId": "HYNJWvbEzzpt",
          "checksum": "f6470a63f1bb3d800c4a46b27b98bfaa"
        },
        {
          "type": "image",
          "assetId": "sepJ1yAFFQvf",
          "checksum": "fd8281451d7a728154fe4bcbabeb8489"
        },
        {
          "type": "image",
          "assetId": "ptbroey5WRdd",
          "checksum": "1ddd082edce1c27e1d0186e3ad4db7ec"
        },
        {
          "type": "image",
          "assetId": "FeWueqI9XEP9",
          "checksum": "5b2322ce4f0a24cb590128b4afb0f472"
        },
        {
          "type": "image",
          "assetId": "gTR-g3_rtQSo",
          "checksum": "b8ae59e07e3653b54ff23a19d12c114e"
        },
        {
          "type": "image",
          "assetId": "AQv3Wx1bMM9Y",
          "checksum": "250bc3f17b29336b3582b9716f01a51c"
        },
        {
          "type": "image",
          "assetId": "gR__lBcWK5D9",
          "checksum": "44ce488c84e426cd8b718a749dfd2c66"
        },
        {
          "type": "image",
          "assetId": "hRhlpYuDgq-L",
          "checksum": "722424e4331443686c0c96cf366d8ffc"
        },
        {
          "type": "image",
          "assetId": "fCn-MrZV2dZI",
          "checksum": "e927522e2c786aaa47c3647a821eeacd"
        },
        {
          "type": "image",
          "assetId": "X3wy8bAjnT9G",
          "checksum": "7c256df7aaae84e3d50513fe5eff0aa9"
        },
        {
          "type": "image",
          "assetId": "49lDEO0xyouY",
          "checksum": "c0ab87fd944334670a035c944ae39ce4"
        },
        {
          "type": "image",
          "assetId": "e67ljzrQc1pD",
          "checksum": "8bc274d312da8cd8076d72014e63553f"
        },
        {
          "type": "image",
          "assetId": "ZzwStNI1FdNO",
          "checksum": "a56dee3b4004588b9c43863951ddaf1e"
        },
        {
          "type": "image",
          "assetId": "JTiEteaE6tFU",
          "checksum": "a45058f0a150bfd72ead5cf44ee97798"
        },
        {
          "type": "image",
          "assetId": "L-BwG2ZZyRkI",
          "checksum": "88a6a2d32fff2913c6157eb20baa1753"
        },
        {
          "type": "image",
          "assetId": "tkuwba_KmKXM",
          "checksum": "719f560c55c5ff3620c21f287202729e"
        },
        {
          "type": "image",
          "assetId": "qUNaK5ceaifr",
          "checksum": "f10883946b0e964e298d7963854ab471"
        },
        {
          "type": "image",
          "assetId": "qkTCJn09umd0",
          "checksum": "a65291ab3acfed97bd6b8b85fb538ed6"
        },
        {
          "type": "image",
          "assetId": "574q5Rdcyn9z",
          "checksum": "23dc0a83554b87dc307073ffe56fc099"
        },
        {
          "type": "image",
          "assetId": "Cc0sIeTPCFr0",
          "checksum": "7f25fc7c2e29254571bcced18914ed70"
        },
        {
          "type": "image",
          "assetId": "FZLaLjoEAwvi",
          "checksum": "c1f6398c4a9f125db226b73c794b78f9"
        },
        {
          "type": "image",
          "assetId": "XQzFlNykoWz1",
          "checksum": "b5783166f46621e70d85f9d218736a12"
        },
        {
          "type": "image",
          "assetId": "D9Vg9ZQU4d6c",
          "checksum": "d697f78fe662cd04b115f07a9d667f9e"
        },
        {
          "type": "image",
          "assetId": "cp0IZHRJSZHl",
          "checksum": "cd9c0cdf962bb3900dffadc06fe3a0d9"
        },
        {
          "type": "image",
          "assetId": "690HsqvJqn2B",
          "checksum": "c94fa462e36951a02a129cf7119b56d8"
        },
        {
          "type": "image",
          "assetId": "h61I_09PuK9E",
          "checksum": "eae5395e6c6a6f157d91783c2a8da59c"
        },
        {
          "type": "image",
          "assetId": "525EQ4voSzEE",
          "checksum": "af6d5d7554b397e2522678537b6e017e"
        },
        {
          "type": "image",
          "assetId": "PTEAV9kIaFe0",
          "checksum": "7835cc68514ec5baeab46ba25d0b928d"
        },
        {
          "type": "image",
          "assetId": "IbUytTcBI69J",
          "checksum": "726633b4f3089f22cb23f26956033967"
        },
        {
          "type": "image",
          "assetId": "qdEINl04vY3Y",
          "checksum": "1c6dead042b1643c39c6e3e008bf2091"
        },
        {
          "type": "image",
          "assetId": "kb8L_5Tfvz47",
          "checksum": "261f6aed1ac28fa0c1ad739797e4f038"
        },
        {
          "type": "image",
          "assetId": "eT0ZPBLx8yrV",
          "checksum": "34ce5fb60dc4b1b83d358faf90858a53"
        },
        {
          "type": "image",
          "assetId": "VXHNFgA2W9sk",
          "checksum": "335442f8e10b8d95eefa0e2add7d94bb"
        },
        {
          "type": "image",
          "assetId": "h-_mjPJZqZVn",
          "checksum": "05d1cc99e38e1e870619b6d948bc6df9"
        },
        {
          "type": "image",
          "assetId": "p_KQTYK0yBm7",
          "checksum": "fb9ba945d0e909283c24c7ba67568bcb"
        },
        {
          "type": "image",
          "assetId": "bSrFJkph38pZ",
          "checksum": "5be5f42267e8867ae49201829635759a"
        },
        {
          "type": "image",
          "assetId": "Vy493f5spTxV",
          "checksum": "c9bb69237a15ec54cb298fd4ce1d578b"
        },
        {
          "type": "image",
          "assetId": "joucgYtKCNce",
          "checksum": "38aa1ac8f7cd4691f69d8ebc6fe7ed52"
        },
        {
          "type": "image",
          "assetId": "fC9Ya8QCpnx_",
          "checksum": "87a2ab4707bc0496e7bc295ef77a563d"
        },
        {
          "assetId": "hka27aU4ihR52YoEnmogfP",
          "type": "projectCss",
          "checksum": "b6fe39a3b5cda2332b6a12e6646d20ab"
        }
      ],
      "codegenVersion": "0.0.1"
    }
  ],
  "cliVersion": "0.1.330"
}
